
Microsoft Visual Studio Solution File, Format Version 12.00
# Visual Studio Version 17
VisualStudioVersion = 17.5.33424.131
MinimumVisualStudioVersion = 10.0.40219.1
Project("{FAE04EC0-301F-11D3-BF4B-00C04F79EFBC}") = "RSA", "RSA.csproj", "{19E1C08F-10F0-411D-9AB6-540B412398AA}"
EndProject
Global
	GlobalSection(SolutionConfigurationPlatforms) = preSolution
		Debug|Any CPU = Debug|Any CPU
		Release|Any CPU = Release|Any CPU
	EndGlobalSection
	GlobalSection(ProjectConfigurationPlatforms) = postSolution
		{19E1C08F-10F0-411D-9AB6-540B412398AA}.Debug|Any CPU.ActiveCfg = Debug|Any CPU
		{19E1C08F-10F0-411D-9AB6-540B412398AA}.Debug|Any CPU.Build.0 = Debug|Any CPU
		{19E1C08F-10F0-411D-9AB6-540B412398AA}.Release|Any CPU.ActiveCfg = Release|Any CPU
		{19E1C08F-10F0-411D-9AB6-540B412398AA}.Release|Any CPU.Build.0 = Release|Any CPU
	EndGlobalSection
	GlobalSection(SolutionProperties) = preSolution
		HideSolutionNode = FALSE
	EndGlobalSection
	GlobalSection(ExtensibilityGlobals) = postSolution
		SolutionGuid = {DE319B25-43AD-4350-BF48-34575837FFE7}
	EndGlobalSection
EndGlobal
